
Microsoft Visual Studio Solution File, Format Version 12.00
# Visual Studio 15
Project("{FAE04EC0-301F-11D3-BF4B-00C04F79EFBC}") = "Assembly-CSharp", "Assembly-CSharp.csproj", "{B7886A0C-109B-1700-7C0D-D1C42A0F031F}"
EndProject
Project("{FAE04EC0-301F-11D3-BF4B-00C04F79EFBC}") = "Assembly-CSharp-Editor", "Assembly-CSharp-Editor.csproj", "{15C6531C-6FA7-E455-D52D-C0275D55F408}"
EndProject
Global
	GlobalSection(SolutionConfigurationPlatforms) = preSolution
		Debug|Any CPU = Debug|Any CPU
		Release|Any CPU = Release|Any CPU
	EndGlobalSection
	GlobalSection(ProjectConfigurationPlatforms) = postSolution
		{B7886A0C-109B-1700-7C0D-D1C42A0F031F}.Debug|Any CPU.ActiveCfg = Debug|Any CPU
		{B7886A0C-109B-1700-7C0D-D1C42A0F031F}.Debug|Any CPU.Build.0 = Debug|Any CPU
		{B7886A0C-109B-1700-7C0D-D1C42A0F031F}.Release|Any CPU.ActiveCfg = Release|Any CPU
		{B7886A0C-109B-1700-7C0D-D1C42A0F031F}.Release|Any CPU.Build.0 = Release|Any CPU
		{15C6531C-6FA7-E455-D52D-C0275D55F408}.Debug|Any CPU.ActiveCfg = Debug|Any CPU
		{15C6531C-6FA7-E455-D52D-C0275D55F408}.Debug|Any CPU.Build.0 = Debug|Any CPU
		{15C6531C-6FA7-E455-D52D-C0275D55F408}.Release|Any CPU.ActiveCfg = Release|Any CPU
		{15C6531C-6FA7-E455-D52D-C0275D55F408}.Release|Any CPU.Build.0 = Release|Any CPU
	EndGlobalSection
	GlobalSection(SolutionProperties) = preSolution
		HideSolutionNode = FALSE
	EndGlobalSection
EndGlobal
