
Microsoft Visual Studio Solution File, Format Version 11.00
# Visual Studio 2010
Project("{FAE04EC0-301F-11D3-BF4B-00C04F79EFBC}") = "Assembly-CSharp", "Assembly-CSharp.csproj", "{0c6a88b7-9b10-0017-7c0d-d1c42a0f031f}"
EndProject
Project("{FAE04EC0-301F-11D3-BF4B-00C04F79EFBC}") = "Assembly-CSharp-Editor", "Assembly-CSharp-Editor.csproj", "{1c53c615-a76f-55e4-d52d-c0275d55f408}"
EndProject
Global
	GlobalSection(SolutionConfigurationPlatforms) = preSolution
		Debug|Any CPU = Debug|Any CPU
	EndGlobalSection
	GlobalSection(ProjectConfigurationPlatforms) = postSolution
		{0c6a88b7-9b10-0017-7c0d-d1c42a0f031f}.Debug|Any CPU.ActiveCfg = Debug|Any CPU
		{0c6a88b7-9b10-0017-7c0d-d1c42a0f031f}.Debug|Any CPU.Build.0 = Debug|Any CPU
		{1c53c615-a76f-55e4-d52d-c0275d55f408}.Debug|Any CPU.ActiveCfg = Debug|Any CPU
		{1c53c615-a76f-55e4-d52d-c0275d55f408}.Debug|Any CPU.Build.0 = Debug|Any CPU
	EndGlobalSection
	GlobalSection(SolutionProperties) = preSolution
		HideSolutionNode = FALSE
	EndGlobalSection
EndGlobal
